
Microsoft Visual Studio Solution File, Format Version 12.00
# Visual Studio Version 17
VisualStudioVersion = 17.13.35931.197 d17.13
MinimumVisualStudioVersion = 10.0.40219.1
Project("{FAE04EC0-301F-11D3-BF4B-00C04F79EFBC}") = "INSY7315_TheBteam", "INSY7315_TheBteam\INSY7315_TheBteam.csproj", "{19E789F4-303B-45A7-A732-B331229F024B}"
EndProject
Global
	GlobalSection(SolutionConfigurationPlatforms) = preSolution
		Debug|Any CPU = Debug|Any CPU
		Release|Any CPU = Release|Any CPU
	EndGlobalSection
	GlobalSection(ProjectConfigurationPlatforms) = postSolution
		{19E789F4-303B-45A7-A732-B331229F024B}.Debug|Any CPU.ActiveCfg = Debug|Any CPU
		{19E789F4-303B-45A7-A732-B331229F024B}.Debug|Any CPU.Build.0 = Debug|Any CPU
		{19E789F4-303B-45A7-A732-B331229F024B}.Release|Any CPU.ActiveCfg = Release|Any CPU
		{19E789F4-303B-45A7-A732-B331229F024B}.Release|Any CPU.Build.0 = Release|Any CPU
	EndGlobalSection
	GlobalSection(SolutionProperties) = preSolution
		HideSolutionNode = FALSE
	EndGlobalSection
	GlobalSection(ExtensibilityGlobals) = postSolution
		SolutionGuid = {E1E75921-A0A2-48E5-BFFF-00A392A499B2}
	EndGlobalSection
EndGlobal
